{
  "name": "chrome-fingerprint",
  "version": "1.0.0",
  "lockfileVersion": 3,
  "requires": true,
  "packages": {
    "": {
      "name": "chrome-fingerprint",
      "version": "1.0.0",
      "license": "MIT",
      "bin": {
        "chrome-fingerprint": "capture.js"
      },
      "engines": {
        "node": ">=18"
      }
    }
  }
}
